
Microsoft Visual Studio Solution File, Format Version 12.00
# Visual Studio 15
VisualStudioVersion = 15.0.26403.0
MinimumVisualStudioVersion = 10.0.40219.1
Project("{FAE04EC0-301F-11D3-BF4B-00C04F79EFBC}") = "GlownyShop.Models", "GlownyShop.Models\GlownyShop.Models.csproj", "{182DC62B-C96F-4744-82E8-DF4494F502F9}"
EndProject
Project("{FAE04EC0-301F-11D3-BF4B-00C04F79EFBC}") = "GlownyShop.Data", "GlownyShop.Data\GlownyShop.Data.csproj", "{5969FB50-FAA4-442C-A595-B8A963DDDBE9}"
EndProject
Project("{2150E333-8FDC-42A3-9474-1A3956D46DE8}") = "WebUI", "WebUI", "{921D8D0A-9995-401D-BB2F-1722FDBC9A82}"
EndProject
Project("{FAE04EC0-301F-11D3-BF4B-00C04F79EFBC}") = "GlownyShop.WebUI.Admin", "WebUI\GlownyShop.WebUI.Admin\GlownyShop.WebUI.Admin.csproj", "{16ED8F49-3CF5-42DB-B88C-6D0E7C103DA1}"
EndProject
Global
	GlobalSection(SolutionConfigurationPlatforms) = preSolution
		Debug|Any CPU = Debug|Any CPU
		Release|Any CPU = Release|Any CPU
	EndGlobalSection
	GlobalSection(ProjectConfigurationPlatforms) = postSolution
		{182DC62B-C96F-4744-82E8-DF4494F502F9}.Debug|Any CPU.ActiveCfg = Debug|Any CPU
		{182DC62B-C96F-4744-82E8-DF4494F502F9}.Debug|Any CPU.Build.0 = Debug|Any CPU
		{182DC62B-C96F-4744-82E8-DF4494F502F9}.Release|Any CPU.ActiveCfg = Release|Any CPU
		{182DC62B-C96F-4744-82E8-DF4494F502F9}.Release|Any CPU.Build.0 = Release|Any CPU
		{5969FB50-FAA4-442C-A595-B8A963DDDBE9}.Debug|Any CPU.ActiveCfg = Debug|Any CPU
		{5969FB50-FAA4-442C-A595-B8A963DDDBE9}.Debug|Any CPU.Build.0 = Debug|Any CPU
		{5969FB50-FAA4-442C-A595-B8A963DDDBE9}.Release|Any CPU.ActiveCfg = Release|Any CPU
		{5969FB50-FAA4-442C-A595-B8A963DDDBE9}.Release|Any CPU.Build.0 = Release|Any CPU
		{16ED8F49-3CF5-42DB-B88C-6D0E7C103DA1}.Debug|Any CPU.ActiveCfg = Debug|Any CPU
		{16ED8F49-3CF5-42DB-B88C-6D0E7C103DA1}.Debug|Any CPU.Build.0 = Debug|Any CPU
		{16ED8F49-3CF5-42DB-B88C-6D0E7C103DA1}.Release|Any CPU.ActiveCfg = Release|Any CPU
		{16ED8F49-3CF5-42DB-B88C-6D0E7C103DA1}.Release|Any CPU.Build.0 = Release|Any CPU
	EndGlobalSection
	GlobalSection(SolutionProperties) = preSolution
		HideSolutionNode = FALSE
	EndGlobalSection
	GlobalSection(NestedProjects) = preSolution
		{16ED8F49-3CF5-42DB-B88C-6D0E7C103DA1} = {921D8D0A-9995-401D-BB2F-1722FDBC9A82}
	EndGlobalSection
EndGlobal
