
Microsoft Visual Studio Solution File, Format Version 12.00
# Visual Studio 15
VisualStudioVersion = 15.0.26403.0
MinimumVisualStudioVersion = 10.0.40219.1
Project("{FAE04EC0-301F-11D3-BF4B-00C04F79EFBC}") = "GlownyShop.Models", "GlownyShop.Models\GlownyShop.Models.csproj", "{182DC62B-C96F-4744-82E8-DF4494F502F9}"
EndProject
Project("{FAE04EC0-301F-11D3-BF4B-00C04F79EFBC}") = "GlownyShop.Data", "GlownyShop.Data\GlownyShop.Data.csproj", "{5969FB50-FAA4-442C-A595-B8A963DDDBE9}"
EndProject
Project("{FAE04EC0-301F-11D3-BF4B-00C04F79EFBC}") = "GlownyShop.Api", "GlownyShop.Api\GlownyShop.Api.csproj", "{6F0746D9-B548-44BC-B950-AF03EFF8621E}"
EndProject
Project("{FAE04EC0-301F-11D3-BF4B-00C04F79EFBC}") = "GlownyShop.Core", "GlownyShop.Core\GlownyShop.Core.csproj", "{068BF57F-31C6-4101-A2F4-6567E31E16EB}"
EndProject
Project("{2150E333-8FDC-42A3-9474-1A3956D46DE8}") = "Tests", "Tests", "{A19AE13A-5DD6-4FDC-910C-3AEB829079AC}"
EndProject
Project("{FAE04EC0-301F-11D3-BF4B-00C04F79EFBC}") = "GlownyShop.Tests.Unit", "GlownyShop.Tests\GlownyShop.Tests.Unit\GlownyShop.Tests.Unit.csproj", "{7D39DDC2-1CFD-40BD-94A3-5E92894E686F}"
EndProject
Project("{9A19103F-16F7-4668-BE54-9A1E7A4F7556}") = "GlownyShop.Tests.Integration", "GlownyShop.Tests\GlownyShop.Tests.Integration\GlownyShop.Tests.Integration.csproj", "{C0A84A80-2B84-4A79-AD84-33AE53829A3D}"
EndProject
Project("{FAE04EC0-301F-11D3-BF4B-00C04F79EFBC}") = "GlownyShop.Tests.Trying", "GlownyShop.Tests\GlownyShop.Tests.Trying\GlownyShop.Tests.Trying.csproj", "{43AC291E-040E-4759-9F77-BCEBACC89A25}"
EndProject
Project("{FAE04EC0-301F-11D3-BF4B-00C04F79EFBC}") = "GlownyShop.Tests.Logic", "GlownyShop.Tests\GlownyShop.Tests.Logic\GlownyShop.Tests.Logic.csproj", "{069C2C96-3693-4CB6-B886-C2A261C45ECD}"
EndProject
Global
	GlobalSection(SolutionConfigurationPlatforms) = preSolution
		Debug|Any CPU = Debug|Any CPU
		Release|Any CPU = Release|Any CPU
	EndGlobalSection
	GlobalSection(ProjectConfigurationPlatforms) = postSolution
		{182DC62B-C96F-4744-82E8-DF4494F502F9}.Debug|Any CPU.ActiveCfg = Debug|Any CPU
		{182DC62B-C96F-4744-82E8-DF4494F502F9}.Debug|Any CPU.Build.0 = Debug|Any CPU
		{182DC62B-C96F-4744-82E8-DF4494F502F9}.Release|Any CPU.ActiveCfg = Release|Any CPU
		{182DC62B-C96F-4744-82E8-DF4494F502F9}.Release|Any CPU.Build.0 = Release|Any CPU
		{5969FB50-FAA4-442C-A595-B8A963DDDBE9}.Debug|Any CPU.ActiveCfg = Debug|Any CPU
		{5969FB50-FAA4-442C-A595-B8A963DDDBE9}.Debug|Any CPU.Build.0 = Debug|Any CPU
		{5969FB50-FAA4-442C-A595-B8A963DDDBE9}.Release|Any CPU.ActiveCfg = Release|Any CPU
		{5969FB50-FAA4-442C-A595-B8A963DDDBE9}.Release|Any CPU.Build.0 = Release|Any CPU
		{6F0746D9-B548-44BC-B950-AF03EFF8621E}.Debug|Any CPU.ActiveCfg = Debug|Any CPU
		{6F0746D9-B548-44BC-B950-AF03EFF8621E}.Debug|Any CPU.Build.0 = Debug|Any CPU
		{6F0746D9-B548-44BC-B950-AF03EFF8621E}.Release|Any CPU.ActiveCfg = Release|Any CPU
		{6F0746D9-B548-44BC-B950-AF03EFF8621E}.Release|Any CPU.Build.0 = Release|Any CPU
		{068BF57F-31C6-4101-A2F4-6567E31E16EB}.Debug|Any CPU.ActiveCfg = Debug|Any CPU
		{068BF57F-31C6-4101-A2F4-6567E31E16EB}.Debug|Any CPU.Build.0 = Debug|Any CPU
		{068BF57F-31C6-4101-A2F4-6567E31E16EB}.Release|Any CPU.ActiveCfg = Release|Any CPU
		{068BF57F-31C6-4101-A2F4-6567E31E16EB}.Release|Any CPU.Build.0 = Release|Any CPU
		{7D39DDC2-1CFD-40BD-94A3-5E92894E686F}.Debug|Any CPU.ActiveCfg = Debug|Any CPU
		{7D39DDC2-1CFD-40BD-94A3-5E92894E686F}.Debug|Any CPU.Build.0 = Debug|Any CPU
		{7D39DDC2-1CFD-40BD-94A3-5E92894E686F}.Release|Any CPU.ActiveCfg = Release|Any CPU
		{7D39DDC2-1CFD-40BD-94A3-5E92894E686F}.Release|Any CPU.Build.0 = Release|Any CPU
		{C0A84A80-2B84-4A79-AD84-33AE53829A3D}.Debug|Any CPU.ActiveCfg = Debug|Any CPU
		{C0A84A80-2B84-4A79-AD84-33AE53829A3D}.Debug|Any CPU.Build.0 = Debug|Any CPU
		{C0A84A80-2B84-4A79-AD84-33AE53829A3D}.Release|Any CPU.ActiveCfg = Release|Any CPU
		{C0A84A80-2B84-4A79-AD84-33AE53829A3D}.Release|Any CPU.Build.0 = Release|Any CPU
		{43AC291E-040E-4759-9F77-BCEBACC89A25}.Debug|Any CPU.ActiveCfg = Debug|Any CPU
		{43AC291E-040E-4759-9F77-BCEBACC89A25}.Debug|Any CPU.Build.0 = Debug|Any CPU
		{43AC291E-040E-4759-9F77-BCEBACC89A25}.Release|Any CPU.ActiveCfg = Release|Any CPU
		{43AC291E-040E-4759-9F77-BCEBACC89A25}.Release|Any CPU.Build.0 = Release|Any CPU
		{069C2C96-3693-4CB6-B886-C2A261C45ECD}.Debug|Any CPU.ActiveCfg = Debug|Any CPU
		{069C2C96-3693-4CB6-B886-C2A261C45ECD}.Debug|Any CPU.Build.0 = Debug|Any CPU
		{069C2C96-3693-4CB6-B886-C2A261C45ECD}.Release|Any CPU.ActiveCfg = Release|Any CPU
		{069C2C96-3693-4CB6-B886-C2A261C45ECD}.Release|Any CPU.Build.0 = Release|Any CPU
	EndGlobalSection
	GlobalSection(SolutionProperties) = preSolution
		HideSolutionNode = FALSE
	EndGlobalSection
	GlobalSection(NestedProjects) = preSolution
		{7D39DDC2-1CFD-40BD-94A3-5E92894E686F} = {A19AE13A-5DD6-4FDC-910C-3AEB829079AC}
		{C0A84A80-2B84-4A79-AD84-33AE53829A3D} = {A19AE13A-5DD6-4FDC-910C-3AEB829079AC}
		{43AC291E-040E-4759-9F77-BCEBACC89A25} = {A19AE13A-5DD6-4FDC-910C-3AEB829079AC}
		{069C2C96-3693-4CB6-B886-C2A261C45ECD} = {A19AE13A-5DD6-4FDC-910C-3AEB829079AC}
	EndGlobalSection
EndGlobal
