
Microsoft Visual Studio Solution File, Format Version 12.00
# Visual Studio 15
VisualStudioVersion = 15.0.26403.0
MinimumVisualStudioVersion = 10.0.40219.1
Project("{FAE04EC0-301F-11D3-BF4B-00C04F79EFBC}") = "GlownyShop.Models", "GlownyShop.Models\GlownyShop.Models.csproj", "{182DC62B-C96F-4744-82E8-DF4494F502F9}"
EndProject
Project("{FAE04EC0-301F-11D3-BF4B-00C04F79EFBC}") = "GlownyShop.Data", "GlownyShop.Data\GlownyShop.Data.csproj", "{B9878E16-F210-461C-9CBF-CA511E92F01D}"
EndProject
Global
	GlobalSection(SolutionConfigurationPlatforms) = preSolution
		Debug|Any CPU = Debug|Any CPU
		Release|Any CPU = Release|Any CPU
	EndGlobalSection
	GlobalSection(ProjectConfigurationPlatforms) = postSolution
		{182DC62B-C96F-4744-82E8-DF4494F502F9}.Debug|Any CPU.ActiveCfg = Debug|Any CPU
		{182DC62B-C96F-4744-82E8-DF4494F502F9}.Debug|Any CPU.Build.0 = Debug|Any CPU
		{182DC62B-C96F-4744-82E8-DF4494F502F9}.Release|Any CPU.ActiveCfg = Release|Any CPU
		{182DC62B-C96F-4744-82E8-DF4494F502F9}.Release|Any CPU.Build.0 = Release|Any CPU
		{B9878E16-F210-461C-9CBF-CA511E92F01D}.Debug|Any CPU.ActiveCfg = Debug|Any CPU
		{B9878E16-F210-461C-9CBF-CA511E92F01D}.Debug|Any CPU.Build.0 = Debug|Any CPU
		{B9878E16-F210-461C-9CBF-CA511E92F01D}.Release|Any CPU.ActiveCfg = Release|Any CPU
		{B9878E16-F210-461C-9CBF-CA511E92F01D}.Release|Any CPU.Build.0 = Release|Any CPU
	EndGlobalSection
	GlobalSection(SolutionProperties) = preSolution
		HideSolutionNode = FALSE
	EndGlobalSection
EndGlobal
